
Microsoft Visual Studio Solution File, Format Version 12.00
# Visual Studio Version 17
VisualStudioVersion = 17.2.32210.308
MinimumVisualStudioVersion = 10.0.40219.1
Project({"8BC9CEB8-8B4A-11D0-8D11-00A0C91BC942"}) = "Client", "client\Client.vcxproj", "{ABD9EC09-7C09-4360-9D8B-576010E49DE5}"
EndProject
Project({"8BC9CEB8-8B4A-11D0-8D11-00A0C91BC942"}) = "Core", "core\Core.vcxproj", "{28CD9395-0B57-4CF3-9AE1-3A7216371728}"
EndProject
Project({"8BC9CEB8-8B4A-11D0-8D11-00A0C91BC942"}) = "Client-Tests", "tests\client\Client-Tests.vcxproj", "{3C1F25D2-18AE-49B8-AE7B-B5BF3862C010}"
EndProject
Project({"8BC9CEB8-8B4A-11D0-8D11-00A0C91BC942"}) = "Core-Tests", "tests\core\Core-Tests.vcxproj", "{DA6C7053-8BBB-49F9-8022-8BF54F6602EC}"
EndProject
Global
	GlobalSection(SolutionConfigurationPlatforms) = preSolution
		Debug|x64 = Debug|x64
	EndGlobalSection
	GlobalSection(ProjectConfigurationPlatforms) = postSolution
		{ABD9EC09-7C09-4360-9D8B-576010E49DE5}.Debug|x64.ActiveCfg = Debug|x64
		{ABD9EC09-7C09-4360-9D8B-576010E49DE5}.Debug|x64.Build.0 = Debug|x64
		{28CD9395-0B57-4CF3-9AE1-3A7216371728}.Debug|x64.ActiveCfg = Debug|x64
		{28CD9395-0B57-4CF3-9AE1-3A7216371728}.Debug|x64.Build.0 = Debug|x64
		{3C1F25D2-18AE-49B8-AE7B-B5BF3862C010}.Debug|x64.ActiveCfg = Debug|x64
		{3C1F25D2-18AE-49B8-AE7B-B5BF3862C010}.Debug|x64.Build.0 = Debug|x64
		{DA6C7053-8BBB-49F9-8022-8BF54F6602EC}.Debug|x64.ActiveCfg = Debug|x64
		{DA6C7053-8BBB-49F9-8022-8BF54F6602EC}.Debug|x64.Build.0 = Debug|x64
	EndGlobalSection
EndGlobal